// !$*UTF8*$!
{
	archiveVersion = 1;
	classes = {
	};
	objectVersion = 46;
	objects = {

/* Begin PBXBuildFile section */
		ECD3056E1B3524050028359E /* main.m in Sources */ = {isa = PBXBuildFile; fileRef = ECD3056D1B3524050028359E /* main.m */; };
		ECD305711B3524050028359E /* AppDelegate.m in Sources */ = {isa = PBXBuildFile; fileRef = ECD305701B3524050028359E /* AppDelegate.m */; };
		ECD305741B3524050028359E /* ViewController.m in Sources */ = {isa = PBXBuildFile; fileRef = ECD305731B3524050028359E /* ViewController.m */; };
		ECD305771B3524050028359E /* Main.storyboard in Resources */ = {isa = PBXBuildFile; fileRef = ECD305751B3524050028359E /* Main.storyboard */; };
		ECD305791B3524050028359E /* Images.xcassets in Resources */ = {isa = PBXBuildFile; fileRef = ECD305781B3524050028359E /* Images.xcassets */; };
		ECD3057C1B3524050028359E /* LaunchScreen.xib in Resources */ = {isa = PBXBuildFile; fileRef = ECD3057A1B3524050028359E /* LaunchScreen.xib */; };
		ECD305881B3524050028359E /* _4_____Tests.m in Sources */ = {isa = PBXBuildFile; fileRef = ECD305871B3524050028359E /* _4_____Tests.m */; };
		ECD305931B35288D0028359E /* DrawView.m in Sources */ = {isa = PBXBuildFile; fileRef = ECD305921B35288D0028359E /* DrawView.m */; };
/* End PBXBuildFile section */

/* Begin PBXContainerItemProxy section */
		ECD305821B3524050028359E /* PBXContainerItemProxy */ = {
			isa = PBXContainerItemProxy;
			containerPortal = ECD305601B3524050028359E /* Project object */;
			proxyType = 1;
			remoteGlobalIDString = ECD305671B3524050028359E;
			remoteInfo = "04-路径动画";
		};
/* End PBXContainerItemProxy section */

/* Begin PBXFileReference section */
		ECD305681B3524050028359E /* 04-路径动画.app */ = {isa = PBXFileReference; explicitFileType = wrapper.application; includeInIndex = 0; path = "04-路径动画.app"; sourceTree = BUILT_PRODUCTS_DIR; };
		ECD3056C1B3524050028359E /* Info.plist */ = {isa = PBXFileReference; lastKnownFileType = text.plist.xml; path = Info.plist; sourceTree = "<group>"; };
		ECD3056D1B3524050028359E /* main.m */ = {isa = PBXFileReference; lastKnownFileType = sourcecode.c.objc; path = main.m; sourceTree = "<group>"; };
		ECD3056F1B3524050028359E /* AppDelegate.h */ = {isa = PBXFileReference; lastKnownFileType = sourcecode.c.h; path = AppDelegate.h; sourceTree = "<group>"; };
		ECD305701B3524050028359E /* AppDelegate.m */ = {isa = PBXFileReference; lastKnownFileType = sourcecode.c.objc; path = AppDelegate.m; sourceTree = "<group>"; };
		ECD305721B3524050028359E /* ViewController.h */ = {isa = PBXFileReference; lastKnownFileType = sourcecode.c.h; path = ViewController.h; sourceTree = "<group>"; };
		ECD305731B3524050028359E /* ViewController.m */ = {isa = PBXFileReference; lastKnownFileType = sourcecode.c.objc; path = ViewController.m; sourceTree = "<group>"; };
		ECD305761B3524050028359E /* Base */ = {isa = PBXFileReference; lastKnownFileType = file.storyboard; name = Base; path = Base.lproj/Main.storyboard; sourceTree = "<group>"; };
		ECD305781B3524050028359E /* Images.xcassets */ = {isa = PBXFileReference; lastKnownFileType = folder.assetcatalog; path = Images.xcassets; sourceTree = "<group>"; };
		ECD3057B1B3524050028359E /* Base */ = {isa = PBXFileReference; lastKnownFileType = file.xib; name = Base; path = Base.lproj/LaunchScreen.xib; sourceTree = "<group>"; };
		ECD305811B3524050028359E /* 04-路径动画Tests.xctest */ = {isa = PBXFileReference; explicitFileType = wrapper.cfbundle; includeInIndex = 0; path = "04-路径动画Tests.xctest"; sourceTree = BUILT_PRODUCTS_DIR; };
		ECD305861B3524050028359E /* Info.plist */ = {isa = PBXFileReference; lastKnownFileType = text.plist.xml; path = Info.plist; sourceTree = "<group>"; };
		ECD305871B3524050028359E /* _4_____Tests.m */ = {isa = PBXFileReference; lastKnownFileType = sourcecode.c.objc; path = "_4_____Tests.m"; sourceTree = "<group>"; };
		ECD305911B35288D0028359E /* DrawView.h */ = {isa = PBXFileReference; fileEncoding = 4; lastKnownFileType = sourcecode.c.h; path = DrawView.h; sourceTree = "<group>"; };
		ECD305921B35288D0028359E /* DrawView.m */ = {isa = PBXFileReference; fileEncoding = 4; lastKnownFileType = sourcecode.c.objc; path = DrawView.m; sourceTree = "<group>"; };
/* End PBXFileReference section */

/* Begin PBXFrameworksBuildPhase section */
		ECD305651B3524050028359E /* Frameworks */ = {
			isa = PBXFrameworksBuildPhase;
			buildActionMask = 2147483647;
			files = (
			);
			runOnlyForDeploymentPostprocessing = 0;
		};
		ECD3057E1B3524050028359E /* Frameworks */ = {
			isa = PBXFrameworksBuildPhase;
			buildActionMask = 2147483647;
			files = (
			);
			runOnlyForDeploymentPostprocessing = 0;
		};
/* End PBXFrameworksBuildPhase section */

/* Begin PBXGroup section */
		ECD3055F1B3524050028359E = {
			isa = PBXGroup;
			children = (
				ECD3056A1B3524050028359E /* 04-路径动画 */,
				ECD305841B3524050028359E /* 04-路径动画Tests */,
				ECD305691B3524050028359E /* Products */,
			);
			sourceTree = "<group>";
		};
		ECD305691B3524050028359E /* Products */ = {
			isa = PBXGroup;
			children = (
				ECD305681B3524050028359E /* 04-路径动画.app */,
				ECD305811B3524050028359E /* 04-路径动画Tests.xctest */,
			);
			name = Products;
			sourceTree = "<group>";
		};
		ECD3056A1B3524050028359E /* 04-路径动画 */ = {
			isa = PBXGroup;
			children = (
				ECD3056F1B3524050028359E /* AppDelegate.h */,
				ECD305701B3524050028359E /* AppDelegate.m */,
				ECD305721B3524050028359E /* ViewController.h */,
				ECD305731B3524050028359E /* ViewController.m */,
				ECD305751B3524050028359E /* Main.storyboard */,
				ECD305911B35288D0028359E /* DrawView.h */,
				ECD305921B35288D0028359E /* DrawView.m */,
				ECD305781B3524050028359E /* Images.xcassets */,
				ECD3057A1B3524050028359E /* LaunchScreen.xib */,
				ECD3056B1B3524050028359E /* Supporting Files */,
			);
			path = "04-路径动画";
			sourceTree = "<group>";
		};
		ECD3056B1B3524050028359E /* Supporting Files */ = {
			isa = PBXGroup;
			children = (
				ECD3056C1B3524050028359E /* Info.plist */,
				ECD3056D1B3524050028359E /* main.m */,
			);
			name = "Supporting Files";
			sourceTree = "<group>";
		};
		ECD305841B3524050028359E /* 04-路径动画Tests */ = {
			isa = PBXGroup;
			children = (
				ECD305871B3524050028359E /* _4_____Tests.m */,
				ECD305851B3524050028359E /* Supporting Files */,
			);
			path = "04-路径动画Tests";
			sourceTree = "<group>";
		};
		ECD305851B3524050028359E /* Supporting Files */ = {
			isa = PBXGroup;
			children = (
				ECD305861B3524050028359E /* Info.plist */,
			);
			name = "Supporting Files";
			sourceTree = "<group>";
		};
/* End PBXGroup section */

/* Begin PBXNativeTarget section */
		ECD305671B3524050028359E /* 04-路径动画 */ = {
			isa = PBXNativeTarget;
			buildConfigurationList = ECD3058B1B3524050028359E /* Build configuration list for PBXNativeTarget "04-路径动画" */;
			buildPhases = (
				ECD305641B3524050028359E /* Sources */,
				ECD305651B3524050028359E /* Frameworks */,
				ECD305661B3524050028359E /* Resources */,
			);
			buildRules = (
			);
			dependencies = (
			);
			name = "04-路径动画";
			productName = "04-路径动画";
			productReference = ECD305681B3524050028359E /* 04-路径动画.app */;
			productType = "com.apple.product-type.application";
		};
		ECD305801B3524050028359E /* 04-路径动画Tests */ = {
			isa = PBXNativeTarget;
			buildConfigurationList = ECD3058E1B3524050028359E /* Build configuration list for PBXNativeTarget "04-路径动画Tests" */;
			buildPhases = (
				ECD3057D1B3524050028359E /* Sources */,
				ECD3057E1B3524050028359E /* Frameworks */,
				ECD3057F1B3524050028359E /* Resources */,
			);
			buildRules = (
			);
			dependencies = (
				ECD305831B3524050028359E /* PBXTargetDependency */,
			);
			name = "04-路径动画Tests";
			productName = "04-路径动画Tests";
			productReference = ECD305811B3524050028359E /* 04-路径动画Tests.xctest */;
			productType = "com.apple.product-type.bundle.unit-test";
		};
/* End PBXNativeTarget section */

/* Begin PBXProject section */
		ECD305601B3524050028359E /* Project object */ = {
			isa = PBXProject;
			attributes = {
				LastUpgradeCheck = 0630;
				ORGANIZATIONNAME = yz;
				TargetAttributes = {
					ECD305671B3524050028359E = {
						CreatedOnToolsVersion = 6.3.2;
					};
					ECD305801B3524050028359E = {
						CreatedOnToolsVersion = 6.3.2;
						TestTargetID = ECD305671B3524050028359E;
					};
				};
			};
			buildConfigurationList = ECD305631B3524050028359E /* Build configuration list for PBXProject "04-路径动画" */;
			compatibilityVersion = "Xcode 3.2";
			developmentRegion = English;
			hasScannedForEncodings = 0;
			knownRegions = (
				en,
				Base,
			);
			mainGroup = ECD3055F1B3524050028359E;
			productRefGroup = ECD305691B3524050028359E /* Products */;
			projectDirPath = "";
			projectRoot = "";
			targets = (
				ECD305671B3524050028359E /* 04-路径动画 */,
				ECD305801B3524050028359E /* 04-路径动画Tests */,
			);
		};
/* End PBXProject section */

/* Begin PBXResourcesBuildPhase section */
		ECD305661B3524050028359E /* Resources */ = {
			isa = PBXResourcesBuildPhase;
			buildActionMask = 2147483647;
			files = (
				ECD305771B3524050028359E /* Main.storyboard in Resources */,
				ECD3057C1B3524050028359E /* LaunchScreen.xib in Resources */,
				ECD305791B3524050028359E /* Images.xcassets in Resources */,
			);
			runOnlyForDeploymentPostprocessing = 0;
		};
		ECD3057F1B3524050028359E /* Resources */ = {
			isa = PBXResourcesBuildPhase;
			buildActionMask = 2147483647;
			files = (
			);
			runOnlyForDeploymentPostprocessing = 0;
		};
/* End PBXResourcesBuildPhase section */

/* Begin PBXSourcesBuildPhase section */
		ECD305641B3524050028359E /* Sources */ = {
			isa = PBXSourcesBuildPhase;
			buildActionMask = 2147483647;
			files = (
				ECD305741B3524050028359E /* ViewController.m in Sources */,
				ECD305711B3524050028359E /* AppDelegate.m in Sources */,
				ECD305931B35288D0028359E /* DrawView.m in Sources */,
				ECD3056E1B3524050028359E /* main.m in Sources */,
			);
			runOnlyForDeploymentPostprocessing = 0;
		};
		ECD3057D1B3524050028359E /* Sources */ = {
			isa = PBXSourcesBuildPhase;
			buildActionMask = 2147483647;
			files = (
				ECD305881B3524050028359E /* _4_____Tests.m in Sources */,
			);
			runOnlyForDeploymentPostprocessing = 0;
		};
/* End PBXSourcesBuildPhase section */

/* Begin PBXTargetDependency section */
		ECD305831B3524050028359E /* PBXTargetDependency */ = {
			isa = PBXTargetDependency;
			target = ECD305671B3524050028359E /* 04-路径动画 */;
			targetProxy = ECD305821B3524050028359E /* PBXContainerItemProxy */;
		};
/* End PBXTargetDependency section */

/* Begin PBXVariantGroup section */
		ECD305751B3524050028359E /* Main.storyboard */ = {
			isa = PBXVariantGroup;
			children = (
				ECD305761B3524050028359E /* Base */,
			);
			name = Main.storyboard;
			sourceTree = "<group>";
		};
		ECD3057A1B3524050028359E /* LaunchScreen.xib */ = {
			isa = PBXVariantGroup;
			children = (
				ECD3057B1B3524050028359E /* Base */,
			);
			name = LaunchScreen.xib;
			sourceTree = "<group>";
		};
/* End PBXVariantGroup section */

/* Begin XCBuildConfiguration section */
		ECD305891B3524050028359E /* Debug */ = {
			isa = XCBuildConfiguration;
			buildSettings = {
				ALWAYS_SEARCH_USER_PATHS = NO;
				CLANG_CXX_LANGUAGE_STANDARD = "gnu++0x";
				CLANG_CXX_LIBRARY = "libc++";
				CLANG_ENABLE_MODULES = YES;
				CLANG_ENABLE_OBJC_ARC = YES;
				CLANG_WARN_BOOL_CONVERSION = YES;
				CLANG_WARN_CONSTANT_CONVERSION = YES;
				CLANG_WARN_DIRECT_OBJC_ISA_USAGE = YES_ERROR;
				CLANG_WARN_EMPTY_BODY = YES;
				CLANG_WARN_ENUM_CONVERSION = YES;
				CLANG_WARN_INT_CONVERSION = YES;
				CLANG_WARN_OBJC_ROOT_CLASS = YES_ERROR;
				CLANG_WARN_UNREACHABLE_CODE = YES;
				CLANG_WARN__DUPLICATE_METHOD_MATCH = YES;
				"CODE_SIGN_IDENTITY[sdk=iphoneos*]" = "iPhone Developer";
				COPY_PHASE_STRIP = NO;
				DEBUG_INFORMATION_FORMAT = "dwarf-with-dsym";
				ENABLE_STRICT_OBJC_MSGSEND = YES;
				GCC_C_LANGUAGE_STANDARD = gnu99;
				GCC_DYNAMIC_NO_PIC = NO;
				GCC_NO_COMMON_BLOCKS = YES;
				GCC_OPTIMIZATION_LEVEL = 0;
				GCC_PREPROCESSOR_DEFINITIONS = (
					"DEBUG=1",
					"$(inherited)",
				);
				GCC_SYMBOLS_PRIVATE_EXTERN = NO;
				GCC_WARN_64_TO_32_BIT_CONVERSION = YES;
				GCC_WARN_ABOUT_RETURN_TYPE = YES_ERROR;
				GCC_WARN_UNDECLARED_SELECTOR = YES;
				GCC_WARN_UNINITIALIZED_AUTOS = YES_AGGRESSIVE;
				GCC_WARN_UNUSED_FUNCTION = YES;
				GCC_WARN_UNUSED_VARIABLE = YES;
				IPHONEOS_DEPLOYMENT_TARGET = 8.3;
				MTL_ENABLE_DEBUG_INFO = YES;
				ONLY_ACTIVE_ARCH = YES;
				SDKROOT = iphoneos;
			};
			name = Debug;
		};
		ECD3058A1B3524050028359E /* Release */ = {
			isa = XCBuildConfiguration;
			buildSettings = {
				ALWAYS_SEARCH_USER_PATHS = NO;
				CLANG_CXX_LANGUAGE_STANDARD = "gnu++0x";
				CLANG_CXX_LIBRARY = "libc++";
				CLANG_ENABLE_MODULES = YES;
				CLANG_ENABLE_OBJC_ARC = YES;
				CLANG_WARN_BOOL_CONVERSION = YES;
				CLANG_WARN_CONSTANT_CONVERSION = YES;
				CLANG_WARN_DIRECT_OBJC_ISA_USAGE = YES_ERROR;
				CLANG_WARN_EMPTY_BODY = YES;
				CLANG_WARN_ENUM_CONVERSION = YES;
				CLANG_WARN_INT_CONVERSION = YES;
				CLANG_WARN_OBJC_ROOT_CLASS = YES_ERROR;
				CLANG_WARN_UNREACHABLE_CODE = YES;
				CLANG_WARN__DUPLICATE_METHOD_MATCH = YES;
				"CODE_SIGN_IDENTITY[sdk=iphoneos*]" = "iPhone Developer";
				COPY_PHASE_STRIP = NO;
				DEBUG_INFORMATION_FORMAT = "dwarf-with-dsym";
				ENABLE_NS_ASSERTIONS = NO;
				ENABLE_STRICT_OBJC_MSGSEND = YES;
				GCC_C_LANGUAGE_STANDARD = gnu99;
				GCC_NO_COMMON_BLOCKS = YES;
				GCC_WARN_64_TO_32_BIT_CONVERSION = YES;
				GCC_WARN_ABOUT_RETURN_TYPE = YES_ERROR;
				GCC_WARN_UNDECLARED_SELECTOR = YES;
				GCC_WARN_UNINITIALIZED_AUTOS = YES_AGGRESSIVE;
				GCC_WARN_UNUSED_FUNCTION = YES;
				GCC_WARN_UNUSED_VARIABLE = YES;
				IPHONEOS_DEPLOYMENT_TARGET = 8.3;
				MTL_ENABLE_DEBUG_INFO = NO;
				SDKROOT = iphoneos;
				VALIDATE_PRODUCT = YES;
			};
			name = Release;
		};
		ECD3058C1B3524050028359E /* Debug */ = {
			isa = XCBuildConfiguration;
			buildSettings = {
				ASSETCATALOG_COMPILER_APPICON_NAME = AppIcon;
				INFOPLIST_FILE = "04-路径动画/Info.plist";
				LD_RUNPATH_SEARCH_PATHS = "$(inherited) @executable_path/Frameworks";
				PRODUCT_NAME = "$(TARGET_NAME)";
			};
			name = Debug;
		};
		ECD3058D1B3524050028359E /* Release */ = {
			isa = XCBuildConfiguration;
			buildSettings = {
				ASSETCATALOG_COMPILER_APPICON_NAME = AppIcon;
				INFOPLIST_FILE = "04-路径动画/Info.plist";
				LD_RUNPATH_SEARCH_PATHS = "$(inherited) @executable_path/Frameworks";
				PRODUCT_NAME = "$(TARGET_NAME)";
			};
			name = Release;
		};
		ECD3058F1B3524050028359E /* Debug */ = {
			isa = XCBuildConfiguration;
			buildSettings = {
				BUNDLE_LOADER = "$(TEST_HOST)";
				FRAMEWORK_SEARCH_PATHS = (
					"$(SDKROOT)/Developer/Library/Frameworks",
					"$(inherited)",
				);
				GCC_PREPROCESSOR_DEFINITIONS = (
					"DEBUG=1",
					"$(inherited)",
				);
				INFOPLIST_FILE = "04-路径动画Tests/Info.plist";
				LD_RUNPATH_SEARCH_PATHS = "$(inherited) @executable_path/Frameworks @loader_path/Frameworks";
				PRODUCT_NAME = "$(TARGET_NAME)";
				TEST_HOST = "$(BUILT_PRODUCTS_DIR)/04-路径动画.app/04-路径动画";
			};
			name = Debug;
		};
		ECD305901B3524050028359E /* Release */ = {
			isa = XCBuildConfiguration;
			buildSettings = {
				BUNDLE_LOADER = "$(TEST_HOST)";
				FRAMEWORK_SEARCH_PATHS = (
					"$(SDKROOT)/Developer/Library/Frameworks",
					"$(inherited)",
				);
				INFOPLIST_FILE = "04-路径动画Tests/Info.plist";
				LD_RUNPATH_SEARCH_PATHS = "$(inherited) @executable_path/Frameworks @loader_path/Frameworks";
				PRODUCT_NAME = "$(TARGET_NAME)";
				TEST_HOST = "$(BUILT_PRODUCTS_DIR)/04-路径动画.app/04-路径动画";
			};
			name = Release;
		};
/* End XCBuildConfiguration section */

/* Begin XCConfigurationList section */
		ECD305631B3524050028359E /* Build configuration list for PBXProject "04-路径动画" */ = {
			isa = XCConfigurationList;
			buildConfigurations = (
				ECD305891B3524050028359E /* Debug */,
				ECD3058A1B3524050028359E /* Release */,
			);
			defaultConfigurationIsVisible = 0;
			defaultConfigurationName = Release;
		};
		ECD3058B1B3524050028359E /* Build configuration list for PBXNativeTarget "04-路径动画" */ = {
			isa = XCConfigurationList;
			buildConfigurations = (
				ECD3058C1B3524050028359E /* Debug */,
				ECD3058D1B3524050028359E /* Release */,
			);
			defaultConfigurationIsVisible = 0;
		};
		ECD3058E1B3524050028359E /* Build configuration list for PBXNativeTarget "04-路径动画Tests" */ = {
			isa = XCConfigurationList;
			buildConfigurations = (
				ECD3058F1B3524050028359E /* Debug */,
				ECD305901B3524050028359E /* Release */,
			);
			defaultConfigurationIsVisible = 0;
		};
/* End XCConfigurationList section */
	};
	rootObject = ECD305601B3524050028359E /* Project object */;
}
